hash: 52e8232dde5bbe59da489ae8cf29fcebeb92259a1b46a8ccc5b044e10ceb9488
updated: 2016-07-08T20:34:31.871161998+09:00
imports:
- name: github.com/dghubble/sling
  version: ba72285c8c5d35267ec7f48b7fc169937b0e9c56
- name: github.com/fabiorphp/kongo
  version: b21c7138e5ed5e5d3411af7c564dcb36b456075f
- name: github.com/gin-gonic/gin
  version: f931d1ea80ae95a6fc739213cdd9399bd2967fb6
  subpackages:
  - binding
  - render
- name: github.com/golang/protobuf
  version: 2402d76f3d41f928c7902a765dfc872356dd3aad
  subpackages:
  - proto
- name: github.com/google/go-querystring
  version: 9235644dd9e52eeae6fa48efd539fdc351a0af53
  subpackages:
  - query
- name: github.com/kelseyhightower/envconfig
  version: 91921eb4cf999321cdbeebdba5a03555800d493b
- name: github.com/manucorporat/sse
  version: ee05b128a739a0fb76c7ebd3ae4810c1de808d6d
- name: github.com/pkg/errors
  version: a2d6902c6d2a2f194eb3fb474981ab7867c81505
- name: golang.org/x/net
  version: f315505cf3349909cdf013ea56690da34e96a451
  subpackages:
  - context
- name: gopkg.in/go-playground/validator.v8
  version: c193cecd124b5cc722d7ee5538e945bdb3348435
- name: gopkg.in/yaml.v2
  version: a83829b6f1293c91addabc89d0571c246397bbf4
devImports: []
